
Microsoft Visual Studio Solution File, Format Version 12.00
# Visual Studio Version 17
VisualStudioVersion = 17.3.32929.385
MinimumVisualStudioVersion = 10.0.40219.1
Project("{FAE04EC0-301F-11D3-BF4B-00C04F79EFBC}") = "MiniSocialNetwork", "MiniSocialNetwork.csproj", "{2F765FB8-430A-4C58-976D-8D7EFF8A3029}"
EndProject
Global
	GlobalSection(SolutionConfigurationPlatforms) = preSolution
		Debug|Any CPU = Debug|Any CPU
		Release|Any CPU = Release|Any CPU
	EndGlobalSection
	GlobalSection(ProjectConfigurationPlatforms) = postSolution
		{2F765FB8-430A-4C58-976D-8D7EFF8A3029}.Debug|Any CPU.ActiveCfg = Debug|Any CPU
		{2F765FB8-430A-4C58-976D-8D7EFF8A3029}.Debug|Any CPU.Build.0 = Debug|Any CPU
		{2F765FB8-430A-4C58-976D-8D7EFF8A3029}.Release|Any CPU.ActiveCfg = Release|Any CPU
		{2F765FB8-430A-4C58-976D-8D7EFF8A3029}.Release|Any CPU.Build.0 = Release|Any CPU
	EndGlobalSection
	GlobalSection(SolutionProperties) = preSolution
		HideSolutionNode = FALSE
	EndGlobalSection
	GlobalSection(ExtensibilityGlobals) = postSolution
		SolutionGuid = {B7C0C9E8-4B1A-4807-9C9D-DEC8AA1B49FF}
	EndGlobalSection
EndGlobal
